
Microsoft Visual Studio Solution File, Format Version 12.00
# Visual Studio Version 16
VisualStudioVersion = 16.0.31702.278
MinimumVisualStudioVersion = 10.0.40219.1
Project("{FAE04EC0-301F-11D3-BF4B-00C04F79EFBC}") = "SOLIDPrinciples", "SOLIDPrinciples\SOLIDPrinciples.csproj", "{2BC86014-6610-41CE-A39F-F4B1C7C420C0}"
EndProject
Global
	GlobalSection(SolutionConfigurationPlatforms) = preSolution
		Debug|Any CPU = Debug|Any CPU
		Release|Any CPU = Release|Any CPU
	EndGlobalSection
	GlobalSection(ProjectConfigurationPlatforms) = postSolution
		{2BC86014-6610-41CE-A39F-F4B1C7C420C0}.Debug|Any CPU.ActiveCfg = Debug|Any CPU
		{2BC86014-6610-41CE-A39F-F4B1C7C420C0}.Debug|Any CPU.Build.0 = Debug|Any CPU
		{2BC86014-6610-41CE-A39F-F4B1C7C420C0}.Release|Any CPU.ActiveCfg = Release|Any CPU
		{2BC86014-6610-41CE-A39F-F4B1C7C420C0}.Release|Any CPU.Build.0 = Release|Any CPU
	EndGlobalSection
	GlobalSection(SolutionProperties) = preSolution
		HideSolutionNode = FALSE
	EndGlobalSection
	GlobalSection(ExtensibilityGlobals) = postSolution
		SolutionGuid = {BCD1E15F-966A-47A8-867E-7504A2FDD397}
	EndGlobalSection
EndGlobal
